Microsoft Visual Studio Solution File, Format Version 12.00
# Visual Studio Version 17
VisualStudioVersion = 17.13.35919.96
MinimumVisualStudioVersion = 10.0.40219.1
Project("{FAE04EC0-301F-11D3-BF4B-00C04F79EFBC}") = "SpriteReplacer", "SpriteReplacer\SpriteReplacer.csproj", "{6CE8AA19-BD2A-4416-9D2A-41C584D0A7AD}"
EndProject
Global
	GlobalSection(SolutionConfigurationPlatforms) = preSolution
		Debug|Any CPU = Debug|Any CPU
		Release|Any CPU = Release|Any CPU
	EndGlobalSection
	GlobalSection(ProjectConfigurationPlatforms) = postSolution
		{6CE8AA19-BD2A-4416-9D2A-41C584D0A7AD}.Debug|Any CPU.ActiveCfg = Debug|Any CPU
		{6CE8AA19-BD2A-4416-9D2A-41C584D0A7AD}.Debug|Any CPU.Build.0 = Debug|Any CPU
		{6CE8AA19-BD2A-4416-9D2A-41C584D0A7AD}.Release|Any CPU.ActiveCfg = Release|Any CPU
		{6CE8AA19-BD2A-4416-9D2A-41C584D0A7AD}.Release|Any CPU.Build.0 = Release|Any CPU
	EndGlobalSection
	GlobalSection(SolutionProperties) = preSolution
		HideSolutionNode = FALSE
	EndGlobalSection
	GlobalSection(ExtensibilityGlobals) = postSolution
		SolutionGuid = {888F9A90-6972-4B5F-857A-FFF98004908A}
	EndGlobalSection
EndGlobal
